// !$*UTF8*$!
{
	archiveVersion = 1;
	classes = {
	};
	objectVersion = 50;
	objects = {

/* Begin PBXBuildFile section */
		C616DEEF20D8BFA400258ACE /* AppDelegate.swift in Sources */ = {isa = PBXBuildFile; fileRef = C616DEEE20D8BFA400258ACE /* AppDelegate.swift */; };
		C616DEF120D8BFA400258ACE /* ViewController.swift in Sources */ = {isa = PBXBuildFile; fileRef = C616DEF020D8BFA400258ACE /* ViewController.swift */; };
		C616DEF420D8BFA400258ACE /* Main.storyboard in Resources */ = {isa = PBXBuildFile; fileRef = C616DEF220D8BFA400258ACE /* Main.storyboard */; };
		C616DEF720D8BFA400258ACE /* SOLOWallet_ios.xcdatamodeld in Sources */ = {isa = PBXBuildFile; fileRef = C616DEF520D8BFA400258ACE /* SOLOWallet_ios.xcdatamodeld */; };
		C616DEF920D8BFA700258ACE /* Assets.xcassets in Resources */ = {isa = PBXBuildFile; fileRef = C616DEF820D8BFA700258ACE /* Assets.xcassets */; };
		C616DEFC20D8BFA700258ACE /* LaunchScreen.storyboard in Resources */ = {isa = PBXBuildFile; fileRef = C616DEFA20D8BFA700258ACE /* LaunchScreen.storyboard */; };
/* End PBXBuildFile section */

/* Begin PBXFileReference section */
		C616DEEB20D8BFA400258ACE /* SOLOWallet-ios.app */ = {isa = PBXFileReference; explicitFileType = wrapper.application; includeInIndex = 0; path = "SOLOWallet-ios.app"; sourceTree = BUILT_PRODUCTS_DIR; };
		C616DEEE20D8BFA400258ACE /* AppDelegate.swift */ = {isa = PBXFileReference; lastKnownFileType = sourcecode.swift; path = AppDelegate.swift; sourceTree = "<group>"; };
		C616DEF020D8BFA400258ACE /* ViewController.swift */ = {isa = PBXFileReference; lastKnownFileType = sourcecode.swift; path = ViewController.swift; sourceTree = "<group>"; };
		C616DEF320D8BFA400258ACE /* Base */ = {isa = PBXFileReference; lastKnownFileType = file.storyboard; name = Base; path = Base.lproj/Main.storyboard; sourceTree = "<group>"; };
		C616DEF620D8BFA400258ACE /* SOLOWallet_ios.xcdatamodel */ = {isa = PBXFileReference; lastKnownFileType = wrapper.xcdatamodel; path = SOLOWallet_ios.xcdatamodel; sourceTree = "<group>"; };
		C616DEF820D8BFA700258ACE /* Assets.xcassets */ = {isa = PBXFileReference; lastKnownFileType = folder.assetcatalog; path = Assets.xcassets; sourceTree = "<group>"; };
		C616DEFB20D8BFA700258ACE /* Base */ = {isa = PBXFileReference; lastKnownFileType = file.storyboard; name = Base; path = Base.lproj/LaunchScreen.storyboard; sourceTree = "<group>"; };
		C616DEFD20D8BFA700258ACE /* Info.plist */ = {isa = PBXFileReference; lastKnownFileType = text.plist.xml; path = Info.plist; sourceTree = "<group>"; };
/* End PBXFileReference section */

/* Begin PBXFrameworksBuildPhase section */
		C616DEE820D8BFA400258ACE /* Frameworks */ = {
			isa = PBXFrameworksBuildPhase;
			buildActionMask = 2147483647;
			files = (
			);
			runOnlyForDeploymentPostprocessing = 0;
		};
/* End PBXFrameworksBuildPhase section */

/* Begin PBXGroup section */
		C616DEE220D8BFA400258ACE = {
			isa = PBXGroup;
			children = (
				C616DEED20D8BFA400258ACE /* SOLOWallet-ios */,
				C616DEEC20D8BFA400258ACE /* Products */,
			);
			sourceTree = "<group>";
		};
		C616DEEC20D8BFA400258ACE /* Products */ = {
			isa = PBXGroup;
			children = (
				C616DEEB20D8BFA400258ACE /* SOLOWallet-ios.app */,
			);
			name = Products;
			sourceTree = "<group>";
		};
		C616DEED20D8BFA400258ACE /* SOLOWallet-ios */ = {
			isa = PBXGroup;
			children = (
				C616DEEE20D8BFA400258ACE /* AppDelegate.swift */,
				C616DEF020D8BFA400258ACE /* ViewController.swift */,
				C616DEF220D8BFA400258ACE /* Main.storyboard */,
				C616DEF820D8BFA700258ACE /* Assets.xcassets */,
				C616DEFA20D8BFA700258ACE /* LaunchScreen.storyboard */,
				C616DEFD20D8BFA700258ACE /* Info.plist */,
				C616DEF520D8BFA400258ACE /* SOLOWallet_ios.xcdatamodeld */,
			);
			path = "SOLOWallet-ios";
			sourceTree = "<group>";
		};
/* End PBXGroup section */

/* Begin PBXNativeTarget section */
		C616DEEA20D8BFA400258ACE /* SOLOWallet-ios */ = {
			isa = PBXNativeTarget;
			buildConfigurationList = C616DF0020D8BFA700258ACE /* Build configuration list for PBXNativeTarget "SOLOWallet-ios" */;
			buildPhases = (
				C616DEE720D8BFA400258ACE /* Sources */,
				C616DEE820D8BFA400258ACE /* Frameworks */,
				C616DEE920D8BFA400258ACE /* Resources */,
			);
			buildRules = (
			);
			dependencies = (
			);
			name = "SOLOWallet-ios";
			productName = "SOLOWallet-ios";
			productReference = C616DEEB20D8BFA400258ACE /* SOLOWallet-ios.app */;
			productType = "com.apple.product-type.application";
		};
/* End PBXNativeTarget section */

/* Begin PBXProject section */
		C616DEE320D8BFA400258ACE /* Project object */ = {
			isa = PBXProject;
			attributes = {
				LastSwiftUpdateCheck = 0940;
				LastUpgradeCheck = 0940;
				ORGANIZATIONNAME = biglabs;
				TargetAttributes = {
					C616DEEA20D8BFA400258ACE = {
						CreatedOnToolsVersion = 9.4.1;
					};
				};
			};
			buildConfigurationList = C616DEE620D8BFA400258ACE /* Build configuration list for PBXProject "SOLOWallet-ios" */;
			compatibilityVersion = "Xcode 9.3";
			developmentRegion = en;
			hasScannedForEncodings = 0;
			knownRegions = (
				en,
				Base,
			);
			mainGroup = C616DEE220D8BFA400258ACE;
			productRefGroup = C616DEEC20D8BFA400258ACE /* Products */;
			projectDirPath = "";
			projectRoot = "";
			targets = (
				C616DEEA20D8BFA400258ACE /* SOLOWallet-ios */,
			);
		};
/* End PBXProject section */

/* Begin PBXResourcesBuildPhase section */
		C616DEE920D8BFA400258ACE /* Resources */ = {
			isa = PBXResourcesBuildPhase;
			buildActionMask = 2147483647;
			files = (
				C616DEFC20D8BFA700258ACE /* LaunchScreen.storyboard in Resources */,
				C616DEF920D8BFA700258ACE /* Assets.xcassets in Resources */,
				C616DEF420D8BFA400258ACE /* Main.storyboard in Resources */,
			);
			runOnlyForDeploymentPostprocessing = 0;
		};
/* End PBXResourcesBuildPhase section */

/* Begin PBXSourcesBuildPhase section */
		C616DEE720D8BFA400258ACE /* Sources */ = {
			isa = PBXSourcesBuildPhase;
			buildActionMask = 2147483647;
			files = (
				C616DEF120D8BFA400258ACE /* ViewController.swift in Sources */,
				C616DEF720D8BFA400258ACE /* SOLOWallet_ios.xcdatamodeld in Sources */,
				C616DEEF20D8BFA400258ACE /* AppDelegate.swift in Sources */,
			);
			runOnlyForDeploymentPostprocessing = 0;
		};
/* End PBXSourcesBuildPhase section */

/* Begin PBXVariantGroup section */
		C616DEF220D8BFA400258ACE /* Main.storyboard */ = {
			isa = PBXVariantGroup;
			children = (
				C616DEF320D8BFA400258ACE /* Base */,
			);
			name = Main.storyboard;
			sourceTree = "<group>";
		};
		C616DEFA20D8BFA700258ACE /* LaunchScreen.storyboard */ = {
			isa = PBXVariantGroup;
			children = (
				C616DEFB20D8BFA700258ACE /* Base */,
			);
			name = LaunchScreen.storyboard;
			sourceTree = "<group>";
		};
/* End PBXVariantGroup section */

/* Begin XCBuildConfiguration section */
		C616DEFE20D8BFA700258ACE /* Debug */ = {
			isa = XCBuildConfiguration;
			buildSettings = {
				ALWAYS_SEARCH_USER_PATHS = NO;
				CLANG_ANALYZER_NONNULL = YES;
				CLANG_ANALYZER_NUMBER_OBJECT_CONVERSION = YES_AGGRESSIVE;
				CLANG_CXX_LANGUAGE_STANDARD = "gnu++14";
				CLANG_CXX_LIBRARY = "libc++";
				CLANG_ENABLE_MODULES = YES;
				CLANG_ENABLE_OBJC_ARC = YES;
				CLANG_ENABLE_OBJC_WEAK = YES;
				CLANG_WARN_BLOCK_CAPTURE_AUTORELEASING = YES;
				CLANG_WARN_BOOL_CONVERSION = YES;
				CLANG_WARN_COMMA = YES;
				CLANG_WARN_CONSTANT_CONVERSION = YES;
				CLANG_WARN_DEPRECATED_OBJC_IMPLEMENTATIONS = YES;
				CLANG_WARN_DIRECT_OBJC_ISA_USAGE = YES_ERROR;
				CLANG_WARN_DOCUMENTATION_COMMENTS = YES;
				CLANG_WARN_EMPTY_BODY = YES;
				CLANG_WARN_ENUM_CONVERSION = YES;
				CLANG_WARN_INFINITE_RECURSION = YES;
				CLANG_WARN_INT_CONVERSION = YES;
				CLANG_WARN_NON_LITERAL_NULL_CONVERSION = YES;
				CLANG_WARN_OBJC_IMPLICIT_RETAIN_SELF = YES;
				CLANG_WARN_OBJC_LITERAL_CONVERSION = YES;
				CLANG_WARN_OBJC_ROOT_CLASS = YES_ERROR;
				CLANG_WARN_RANGE_LOOP_ANALYSIS = YES;
				CLANG_WARN_STRICT_PROTOTYPES = YES;
				CLANG_WARN_SUSPICIOUS_MOVE = YES;
				CLANG_WARN_UNGUARDED_AVAILABILITY = YES_AGGRESSIVE;
				CLANG_WARN_UNREACHABLE_CODE = YES;
				CLANG_WARN__DUPLICATE_METHOD_MATCH = YES;
				CODE_SIGN_IDENTITY = "iPhone Developer";
				COPY_PHASE_STRIP = NO;
				DEBUG_INFORMATION_FORMAT = dwarf;
				ENABLE_STRICT_OBJC_MSGSEND = YES;
				ENABLE_TESTABILITY = YES;
				GCC_C_LANGUAGE_STANDARD = gnu11;
				GCC_DYNAMIC_NO_PIC = NO;
				GCC_NO_COMMON_BLOCKS = YES;
				GCC_OPTIMIZATION_LEVEL = 0;
				GCC_PREPROCESSOR_DEFINITIONS = (
					"DEBUG=1",
					"$(inherited)",
				);
				GCC_WARN_64_TO_32_BIT_CONVERSION = YES;
				GCC_WARN_ABOUT_RETURN_TYPE = YES_ERROR;
				GCC_WARN_UNDECLARED_SELECTOR = YES;
				GCC_WARN_UNINITIALIZED_AUTOS = YES_AGGRESSIVE;
				GCC_WARN_UNUSED_FUNCTION = YES;
				GCC_WARN_UNUSED_VARIABLE = YES;
				IPHONEOS_DEPLOYMENT_TARGET = 11.4;
				MTL_ENABLE_DEBUG_INFO = YES;
				ONLY_ACTIVE_ARCH = YES;
				SDKROOT = iphoneos;
				SWIFT_ACTIVE_COMPILATION_CONDITIONS = DEBUG;
				SWIFT_OPTIMIZATION_LEVEL = "-Onone";
			};
			name = Debug;
		};
		C616DEFF20D8BFA700258ACE /* Release */ = {
			isa = XCBuildConfiguration;
			buildSettings = {
				ALWAYS_SEARCH_USER_PATHS = NO;
				CLANG_ANALYZER_NONNULL = YES;
				CLANG_ANALYZER_NUMBER_OBJECT_CONVERSION = YES_AGGRESSIVE;
				CLANG_CXX_LANGUAGE_STANDARD = "gnu++14";
				CLANG_CXX_LIBRARY = "libc++";
				CLANG_ENABLE_MODULES = YES;
				CLANG_ENABLE_OBJC_ARC = YES;
				CLANG_ENABLE_OBJC_WEAK = YES;
				CLANG_WARN_BLOCK_CAPTURE_AUTORELEASING = YES;
				CLANG_WARN_BOOL_CONVERSION = YES;
				CLANG_WARN_COMMA = YES;
				CLANG_WARN_CONSTANT_CONVERSION = YES;
				CLANG_WARN_DEPRECATED_OBJC_IMPLEMENTATIONS = YES;
				CLANG_WARN_DIRECT_OBJC_ISA_USAGE = YES_ERROR;
				CLANG_WARN_DOCUMENTATION_COMMENTS = YES;
				CLANG_WARN_EMPTY_BODY = YES;
				CLANG_WARN_ENUM_CONVERSION = YES;
				CLANG_WARN_INFINITE_RECURSION = YES;
				CLANG_WARN_INT_CONVERSION = YES;
				CLANG_WARN_NON_LITERAL_NULL_CONVERSION = YES;
				CLANG_WARN_OBJC_IMPLICIT_RETAIN_SELF = YES;
				CLANG_WARN_OBJC_LITERAL_CONVERSION = YES;
				CLANG_WARN_OBJC_ROOT_CLASS = YES_ERROR;
				CLANG_WARN_RANGE_LOOP_ANALYSIS = YES;
				CLANG_WARN_STRICT_PROTOTYPES = YES;
				CLANG_WARN_SUSPICIOUS_MOVE = YES;
				CLANG_WARN_UNGUARDED_AVAILABILITY = YES_AGGRESSIVE;
				CLANG_WARN_UNREACHABLE_CODE = YES;
				CLANG_WARN__DUPLICATE_METHOD_MATCH = YES;
				CODE_SIGN_IDENTITY = "iPhone Developer";
				COPY_PHASE_STRIP = NO;
				DEBUG_INFORMATION_FORMAT = "dwarf-with-dsym";
				ENABLE_NS_ASSERTIONS = NO;
				ENABLE_STRICT_OBJC_MSGSEND = YES;
				GCC_C_LANGUAGE_STANDARD = gnu11;
				GCC_NO_COMMON_BLOCKS = YES;
				GCC_WARN_64_TO_32_BIT_CONVERSION = YES;
				GCC_WARN_ABOUT_RETURN_TYPE = YES_ERROR;
				GCC_WARN_UNDECLARED_SELECTOR = YES;
				GCC_WARN_UNINITIALIZED_AUTOS = YES_AGGRESSIVE;
				GCC_WARN_UNUSED_FUNCTION = YES;
				GCC_WARN_UNUSED_VARIABLE = YES;
				IPHONEOS_DEPLOYMENT_TARGET = 11.4;
				MTL_ENABLE_DEBUG_INFO = NO;
				SDKROOT = iphoneos;
				SWIFT_COMPILATION_MODE = wholemodule;
				SWIFT_OPTIMIZATION_LEVEL = "-O";
				VALIDATE_PRODUCT = YES;
			};
			name = Release;
		};
		C616DF0120D8BFA700258ACE /* Debug */ = {
			isa = XCBuildConfiguration;
			buildSettings = {
				ASSETCATALOG_COMPILER_APPICON_NAME = AppIcon;
				CODE_SIGN_STYLE = Automatic;
				DEVELOPMENT_TEAM = BUAMMZ5MW6;
				INFOPLIST_FILE = "SOLOWallet-ios/Info.plist";
				LD_RUNPATH_SEARCH_PATHS = (
					"$(inherited)",
					"@executable_path/Frameworks",
				);
				PRODUCT_BUNDLE_IDENTIFIER = "com.biglabs.SOLOWallet-ios";
				PRODUCT_NAME = "$(TARGET_NAME)";
				SWIFT_VERSION = 4.0;
				TARGETED_DEVICE_FAMILY = "1,2";
			};
			name = Debug;
		};
		C616DF0220D8BFA700258ACE /* Release */ = {
			isa = XCBuildConfiguration;
			buildSettings = {
				ASSETCATALOG_COMPILER_APPICON_NAME = AppIcon;
				CODE_SIGN_STYLE = Automatic;
				DEVELOPMENT_TEAM = BUAMMZ5MW6;
				INFOPLIST_FILE = "SOLOWallet-ios/Info.plist";
				LD_RUNPATH_SEARCH_PATHS = (
					"$(inherited)",
					"@executable_path/Frameworks",
				);
				PRODUCT_BUNDLE_IDENTIFIER = "com.biglabs.SOLOWallet-ios";
				PRODUCT_NAME = "$(TARGET_NAME)";
				SWIFT_VERSION = 4.0;
				TARGETED_DEVICE_FAMILY = "1,2";
			};
			name = Release;
		};
/* End XCBuildConfiguration section */

/* Begin XCConfigurationList section */
		C616DEE620D8BFA400258ACE /* Build configuration list for PBXProject "SOLOWallet-ios" */ = {
			isa = XCConfigurationList;
			buildConfigurations = (
				C616DEFE20D8BFA700258ACE /* Debug */,
				C616DEFF20D8BFA700258ACE /* Release */,
			);
			defaultConfigurationIsVisible = 0;
			defaultConfigurationName = Release;
		};
		C616DF0020D8BFA700258ACE /* Build configuration list for PBXNativeTarget "SOLOWallet-ios" */ = {
			isa = XCConfigurationList;
			buildConfigurations = (
				C616DF0120D8BFA700258ACE /* Debug */,
				C616DF0220D8BFA700258ACE /* Release */,
			);
			defaultConfigurationIsVisible = 0;
			defaultConfigurationName = Release;
		};
/* End XCConfigurationList section */

/* Begin XCVersionGroup section */
		C616DEF520D8BFA400258ACE /* SOLOWallet_ios.xcdatamodeld */ = {
			isa = XCVersionGroup;
			children = (
				C616DEF620D8BFA400258ACE /* SOLOWallet_ios.xcdatamodel */,
			);
			currentVersion = C616DEF620D8BFA400258ACE /* SOLOWallet_ios.xcdatamodel */;
			path = SOLOWallet_ios.xcdatamodeld;
			sourceTree = "<group>";
			versionGroupType = wrapper.xcdatamodel;
		};
/* End XCVersionGroup section */
	};
	rootObject = C616DEE320D8BFA400258ACE /* Project object */;
}
